
Microsoft Visual Studio Solution File, Format Version 12.00
# Visual Studio Version 17
VisualStudioVersion = 17.9.34723.18
MinimumVisualStudioVersion = 10.0.40219.1
Project("{FAE04EC0-301F-11D3-BF4B-00C04F79EFBC}") = "Management.API", "Management.API\Management.API.csproj", "{7DEF57E3-463F-4933-AC72-41E391CCCE20}"
EndProject
Global
	GlobalSection(SolutionConfigurationPlatforms) = preSolution
		Debug|Any CPU = Debug|Any CPU
		Release|Any CPU = Release|Any CPU
	EndGlobalSection
	GlobalSection(ProjectConfigurationPlatforms) = postSolution
		{7DEF57E3-463F-4933-AC72-41E391CCCE20}.Debug|Any CPU.ActiveCfg = Debug|Any CPU
		{7DEF57E3-463F-4933-AC72-41E391CCCE20}.Debug|Any CPU.Build.0 = Debug|Any CPU
		{7DEF57E3-463F-4933-AC72-41E391CCCE20}.Release|Any CPU.ActiveCfg = Release|Any CPU
		{7DEF57E3-463F-4933-AC72-41E391CCCE20}.Release|Any CPU.Build.0 = Release|Any CPU
	EndGlobalSection
	GlobalSection(SolutionProperties) = preSolution
		HideSolutionNode = FALSE
	EndGlobalSection
	GlobalSection(ExtensibilityGlobals) = postSolution
		SolutionGuid = {D2F36197-CDAA-4668-9951-64F1ED321A43}
	EndGlobalSection
EndGlobal
